{
    "_meta": {
        "hash": {
            "sha256": "f2264e4d3d58e5dc201237dee7c0eae2f2327c84d9399fe8e290318e7b1e2a07"
        },
        "pipfile-spec": 6,
        "requires": {
            "python_version": ">=3.7"
        },
        "sources": [
            {
                "name": "pypi",
                "url": "https://pypi.org/simple",
                "verify_ssl": true
            }
        ]
    },
    "default": {
        "cairocffi": {
            "hashes": [
                "sha256:2e48ee864884ec4a3a34bfa8c9ab9999f688286eb714a15a43ec9d068c36557b",
                "sha256:9803a0e11f6c962f3b0ae2ec8ba6ae45e957a146a004697a1ac1bbf16b073b3f"
            ],
            "index": "pypi",
            "markers": "python_version >= '3.8'",
            "version": "==1.7.1"
        },
        "cffi": {
            "hashes": [
                "sha256:00bdf7acc5f795150faa6957054fbbca2439db2f775ce831222b66f192f03beb",
                "sha256:07b271772c100085dd28b74fa0cd81c8fb1a3ba18b21e03d7c27f3436a10606b",
                "sha256:087067fa8953339c723661eda6b54bc98c5625757ea62e95eb4898ad5e776e9f",
                "sha256:0a1527a803f0a659de1af2e1fd700213caba79377e27e4693648c2923da066f9",
                "sha256:0cf2d91ecc3fcc0625c2c530fe004f82c110405f101548512cce44322fa8ac44",
                "sha256:0f6084a0ea23d05d20c3edcda20c3d006f9b6f3fefeac38f59262e10cef47ee2",
                "sha256:12873ca6cb9b0f0d3a0da705d6086fe911591737a59f28b7936bdfed27c0d47c",
                "sha256:19f705ada2530c1167abacb171925dd886168931e0a7b78f5bffcae5c6b5be75",
                "sha256:1cd13c99ce269b3ed80b417dcd591415d3372bcac067009b6e0f59c7d4015e65",
                "sha256:1e3a615586f05fc4065a8b22b8152f0c1b00cdbc60596d187c2a74f9e3036e4e",
                "sha256:1f72fb8906754ac8a2cc3f9f5aaa298070652a0ffae577e0ea9bd480dc3c931a",
                "sha256:1fc9ea04857caf665289b7a75923f2c6ed559b8298a1b8c49e59f7dd95c8481e",
                "sha256:203a48d1fb583fc7d78a4c6655692963b860a417c0528492a6bc21f1aaefab25",
                "sha256:2081580ebb843f759b9f617314a24ed5738c51d2aee65d31e02f6f7a2b97707a",
                "sha256:21d1152871b019407d8ac3985f6775c079416c282e431a4da6afe7aefd2bccbe",
                "sha256:24b6f81f1983e6df8db3adc38562c83f7d4a0c36162885ec7f7b77c7dcbec97b",
                "sha256:256f80b80ca3853f90c21b23ee78cd008713787b1b1e93eae9f3d6a7134abd91",
                "sha256:28a3a209b96630bca57cce802da70c266eb08c6e97e5afd61a75611ee6c64592",
                "sha256:2c8f814d84194c9ea681642fd164267891702542f028a15fc97d4674b6206187",
                "sha256:2de9a304e27f7596cd03d16f1b7c72219bd944e99cc52b84d0145aefb07cbd3c",
                "sha256:38100abb9d1b1435bc4cc340bb4489635dc2f0da7456590877030c9b3d40b0c1",
                "sha256:3925dd22fa2b7699ed2617149842d2e6adde22b262fcbfada50e3d195e4b3a94",
                "sha256:3e17ed538242334bf70832644a32a7aae3d83b57567f9fd60a26257e992b79ba",
                "sha256:3e837e369566884707ddaf85fc1744b47575005c0a229de3327f8f9a20f4efeb",
                "sha256:3f4d46d8b35698056ec29bca21546e1551a205058ae1a181d871e278b0b28165",
                "sha256:44d1b5909021139fe36001ae048dbdde8214afa20200eda0f64c068cac5d5529",
                "sha256:45d5e886156860dc35862657e1494b9bae8dfa63bf56796f2fb56e1679fc0bca",
                "sha256:4647afc2f90d1ddd33441e5b0e85b16b12ddec4fca55f0d9671fef036ecca27c",
                "sha256:4671d9dd5ec934cb9a73e7ee9676f9362aba54f7f34910956b84d727b0d73fb6",
                "sha256:53f77cbe57044e88bbd5ed26ac1d0514d2acf0591dd6bb02a3ae37f76811b80c",
                "sha256:5eda85d6d1879e692d546a078b44251cdd08dd1cfb98dfb77b670c97cee49ea0",
                "sha256:5fed36fccc0612a53f1d4d9a816b50a36702c28a2aa880cb8a122b3466638743",
                "sha256:61d028e90346df14fedc3d1e5441df818d095f3b87d286825dfcbd6459b7ef63",
                "sha256:66f011380d0e49ed280c789fbd08ff0d40968ee7b665575489afa95c98196ab5",
                "sha256:6824f87845e3396029f3820c206e459ccc91760e8fa24422f8b0c3d1731cbec5",
                "sha256:6c6c373cfc5c83a975506110d17457138c8c63016b563cc9ed6e056a82f13ce4",
                "sha256:6d02d6655b0e54f54c4ef0b94eb6be0607b70853c45ce98bd278dc7de718be5d",
                "sha256:6d50360be4546678fc1b79ffe7a66265e28667840010348dd69a314145807a1b",
                "sha256:730cacb21e1bdff3ce90babf007d0a0917cc3e6492f336c2f0134101e0944f93",
                "sha256:737fe7d37e1a1bffe70bd5754ea763a62a066dc5913ca57e957824b72a85e205",
                "sha256:74a03b9698e198d47562765773b4a8309919089150a0bb17d829ad7b44b60d27",
                "sha256:7553fb2090d71822f02c629afe6042c299edf91ba1bf94951165613553984512",
                "sha256:7a66c7204d8869299919db4d5069a82f1561581af12b11b3c9f48c584eb8743d",
                "sha256:7cc09976e8b56f8cebd752f7113ad07752461f48a58cbba644139015ac24954c",
                "sha256:81afed14892743bbe14dacb9e36d9e0e504cd204e0b165062c488942b9718037",
                "sha256:8941aaadaf67246224cee8c3803777eed332a19d909b47e29c9842ef1e79ac26",
                "sha256:89472c9762729b5ae1ad974b777416bfda4ac5642423fa93bd57a09204712322",
                "sha256:8ea985900c5c95ce9db1745f7933eeef5d314f0565b27625d9a10ec9881e1bfb",
                "sha256:8eca2a813c1cb7ad4fb74d368c2ffbbb4789d377ee5bb8df98373c2cc0dee76c",
                "sha256:92b68146a71df78564e4ef48af17551a5ddd142e5190cdf2c5624d0c3ff5b2e8",
                "sha256:9332088d75dc3241c702d852d4671613136d90fa6881da7d770a483fd05248b4",
                "sha256:94698a9c5f91f9d138526b48fe26a199609544591f859c870d477351dc7b2414",
                "sha256:9a67fc9e8eb39039280526379fb3a70023d77caec1852002b4da7e8b270c4dd9",
                "sha256:9de40a7b0323d889cf8d23d1ef214f565ab154443c42737dfe52ff82cf857664",
                "sha256:a05d0c237b3349096d3981b727493e22147f934b20f6f125a3eba8f994bec4a9",
                "sha256:afb8db5439b81cf9c9d0c80404b60c3cc9c3add93e114dcae767f1477cb53775",
                "sha256:b18a3ed7d5b3bd8d9ef7a8cb226502c6bf8308df1525e1cc676c3680e7176739",
                "sha256:b1e74d11748e7e98e2f426ab176d4ed720a64412b6a15054378afdb71e0f37dc",
                "sha256:b21e08af67b8a103c71a250401c78d5e0893beff75e28c53c98f4de42f774062",
                "sha256:b4c854ef3adc177950a8dfc81a86f5115d2abd545751a304c5bcf2c2c7283cfe",
                "sha256:b882b3df248017dba09d6b16defe9b5c407fe32fc7c65a9c69798e6175601be9",
                "sha256:baf5215e0ab74c16e2dd324e8ec067ef59e41125d3eade2b863d294fd5035c92",
                "sha256:c649e3a33450ec82378822b3dad03cc228b8f5963c0c12fc3b1e0ab940f768a5",
                "sha256:c654de545946e0db659b3400168c9ad31b5d29593291482c43e3564effbcee13",
                "sha256:c6638687455baf640e37344fe26d37c404db8b80d037c3d29f58fe8d1c3b194d",
                "sha256:c8d3b5532fc71b7a77c09192b4a5a200ea992702734a2e9279a37f2478236f26",
                "sha256:cb527a79772e5ef98fb1d700678fe031e353e765d1ca2d409c92263c6d43e09f",
                "sha256:cf364028c016c03078a23b503f02058f1814320a56ad535686f90565636a9495",
                "sha256:d48a880098c96020b02d5a1f7d9251308510ce8858940e6fa99ece33f610838b",
                "sha256:d68b6cef7827e8641e8ef16f4494edda8b36104d79773a334beaa1e3521430f6",
                "sha256:d9b29c1f0ae438d5ee9acb31cadee00a58c46cc9c0b2f9038c6b0b3470877a8c",
                "sha256:d9b97165e8aed9272a6bb17c01e3cc5871a594a446ebedc996e2397a1c1ea8ef",
                "sha256:da68248800ad6320861f129cd9c1bf96ca849a2771a59e0344e88681905916f5",
                "sha256:da902562c3e9c550df360bfa53c035b2f241fed6d9aef119048073680ace4a18",
                "sha256:dbd5c7a25a7cb98f5ca55d258b103a2054f859a46ae11aaf23134f9cc0d356ad",
                "sha256:dd4f05f54a52fb558f1ba9f528228066954fee3ebe629fc1660d874d040ae5a3",
                "sha256:de8dad4425a6ca6e4e5e297b27b5c824ecc7581910bf9aee86cb6835e6812aa7",
                "sha256:e11e82b744887154b182fd3e7e8512418446501191994dbf9c9fc1f32cc8efd5",
                "sha256:e6e73b9e02893c764e7e8d5bb5ce277f1a009cd5243f8228f75f842bf937c534",
                "sha256:f73b96c41e3b2adedc34a7356e64c8eb96e03a3782b535e043a986276ce12a49",
                "sha256:f93fd8e5c8c0a4aa1f424d6173f14a892044054871c771f8566e4008eaa359d2",
                "sha256:fc33c5141b55ed366cfaad382df24fe7dcbc686de5be719b207bb248e3053dc5",
                "sha256:fc7de24befaeae77ba923797c7c87834c73648a05a4bde34b3b7e5588973a453",
                "sha256:fe562eb1a64e67dd297ccc4f5addea2501664954f2692b69a76449ec7913ecbf"
            ],
            "markers": "python_version >= '3.9'",
            "version": "==2.0.0"
        },
        "greenlet": {
            "hashes": [
                "sha256:04633da773ae432649a3f092a8e4add390732cc9e1ab52c8ff2c91b8dc86f202",
                "sha256:04e6a202cde56043fd355fefd1552c4caa5c087528121871d950eb4f1b51fa99",
                "sha256:050703a60603db0e817364d69e048c70af299040c13a7e67792b9e62d4571196",
                "sha256:0bc06a78fa3ffbe2a75f1ebc7e040eacf6fa1050a9432953ab111fbbbf0d03c1",
                "sha256:0d2a78e6f1bf3f1672df91e212a2f8314e1e7c922f065d14cbad4bc815059467",
                "sha256:15871afc0d78ec87d15d8412b337f287fc69f8f669346e391585824970931c48",
                "sha256:2acb30e77042f747ca81f0a10cc153296567e92e666c5e1b117f4595afd43352",
                "sha256:2c7429f6e9cea7cbf2637d86d3db12806ba970f7f972fcab39d6b54b4457cbaf",
                "sha256:34cc7cf8ab6f4b85298b01e13e881265ee7b3c1daf6bc10a2944abc15d4f87c3",
                "sha256:3828b309dfb1f117fe54867512a8265d8d4f00f8de6908eef9b885f4d8789062",
                "sha256:393c03c26c865f17f31d8db2f09603fadbe0581ad85a5d5908b131549fc38217",
                "sha256:4544ab2cfd5912e42458b13516429e029f87d8bbcdc8d5506db772941ae12493",
                "sha256:45fcea7b697b91290b36eafc12fff479aca6ba6500d98ef6f34d5634c7119cbe",
                "sha256:472841de62d60f2cafd60edd4fd4dd7253eb70e6eaf14b8990dcaf177f4af957",
                "sha256:499b809e7738c8af0ff9ac9d5dd821cb93f4293065a9237543217f0b252f950a",
                "sha256:5bf0d7d62e356ef2e87e55e46a4e930ac165f9372760fb983b5631bb479e9d3a",
                "sha256:5ceb29d1f74c7280befbbfa27b9bf91ba4a07a1a00b2179a5d953fc219b16c42",
                "sha256:60c06b502d56d5451f60ca665691da29f79ed95e247bcf8ce5024d7bbe64acb9",
                "sha256:6712bfd520530eb67331813f7112d3ee18e206f48b3d026d8a96cd2d2ad20251",
                "sha256:67725ae9fea62c95cf1aa230f1b8d4dc38f7cd14f6103d1df8a5a95657eb8e54",
                "sha256:6dff6433742073e5b6ad40953a78a0e8cddcb3f6869e5ea635d29a810ca5e7d0",
                "sha256:6e8fe0c72603201a86b2e038daf9b6c8570715f8779566419cff543b6ace88de",
                "sha256:7123b29e6bad2f3f89681be4ef316480fca798ebe8d22fbaced9cc3775007a4f",
                "sha256:752c896a8c976548faafe8a306d446c6a4c68d4fd24699b84d4393bd9ac69a8e",
                "sha256:7d951e7d628a6e8b68af469f0fe4f100ef64c4054abeb9cdafbfaa30a920c950",
                "sha256:87b791dd0e031a574249af717ac36f7031b18c35329561c1e0368201c18caf1f",
                "sha256:a145f4b1c4ed7a2c94561b7f18b4beec3d3fb6f0580db22f7ed1d544e0620b34",
                "sha256:a5e4b25e855800fba17713020c5c33e0a4b7a1829027719344f0c7c8870092a2",
                "sha256:ac8db07bced2c39b987bba13a3195f8157b0cfbce54488f86919321444a1cc3c",
                "sha256:acabf468466d18017e2ae5fbf1a5a88b86b48983e550e1ae1437b69a83d9f4ac",
                "sha256:bd593db7ee1fa8a513a48a404f8cc4126998a48025e3f5cbbc68d51be0a6bf66",
                "sha256:bdd67619cefe1cc9fcab57c8853d2bb36eca9f166c0058cc0d428d471f7c785c",
                "sha256:c11fe0cfb0ce33132f0b5d27eeadd1954976a82e5e9b60909ec2c4b884a55382",
                "sha256:c5445ddb7b586d870dad32ca9fc47c287d6022a528d194efdb8912093c5303ad",
                "sha256:c816554eb33e7ecf9ba4defcb1fd8c994e59be6b4110da15480b3e7447ea4286",
                "sha256:c8317d732e2ae0935d9ed2af2ea876fa714cf6f3b887a31ca150b54329b0a6e9",
                "sha256:cc1d01bdd67db3e5711e6246e451d7a0f75fae7bbf40adde129296a7f9aa7cc9",
                "sha256:ce8aed6fdd5e07d3cbb988cbdc188266a4eb9e1a52db9ef5c6526e59962d3933",
                "sha256:d5583b2ffa677578a384337ee13125bdf9a427485d689014b39d638a4f3d8dbe",
                "sha256:d7456e67b0be653dfe643bb37d9566cd30939c80f858e2ce6d2d54951f75b14a",
                "sha256:dbe0e81e24982bb45907ca20152b31c2e3300ca352fdc4acbd4956e4a2cbc195",
                "sha256:e3f03ddd7142c758ab41c18089a1407b9959bd276b4e6dfbd8fd06403832c87a",
                "sha256:e66872daffa360b2537170b73ad530f14fa31785b1bc78080125d92edf0a6def",
                "sha256:edbf4ab9a7057ee430a678fe2ef37ea5d69125d6bdc7feb42ed8d871c737e63b",
                "sha256:f2cc88b50b9006b324c1b9f5f3552f9d4564c78af57cdfb4c7baf4f0aa089146",
                "sha256:f96e2bb8a56b7e1aed1dbfbbe0050cb2ecca99c7c91892fd1771e3afab63b3e3",
                "sha256:fd904626b8779810062cb455514594776e3cba3b8c0ba4939894df9f7b384971"
            ],
            "markers": "python_version >= '3.9'",
            "version": "==3.2.5"
        },
        "libgutenberg": {
            "editable": true,
            "extras": [
                "covers",
                "postgres"
            ],
            "file": "."
        },
        "lxml": {
            "hashes": [
                "sha256:032a0a97eed428bd143c75a11118238546424ceb2fa311cca5f073aa44658dc4",
                "sha256:05f5bce9af14fd1506997594bd81cee6d9c6b58ea80a39c058327aa6371ed9e9",
                "sha256:0794e04ba343852c6d78e996c58ef4b8e579b4ecc72f8df0d4058bf843b4c96e",
                "sha256:0ab2467e405e748d93495fb5568e74044802b8d3ff2b2a1607c3f78c6e982de5",
                "sha256:0bf5a3e397df2ec4258eb5eea4c1ac6cf013ca1abd04a176903bff20a70021fe",
                "sha256:0c0710ac085a157b593c38fbcacd950f15c4afa8e2057527185875ab302752bc",
                "sha256:0dee106e9aa97fb00541b1ed7827070564d0549c3d3fba8920e6b20fd980f748",
                "sha256:0f17d83c48ee9dfd96abae3ac3e2108c76d2fc86ce96355e37b8da9f7f4ecc08",
                "sha256:0feebef8d0521188d0157f758356072e840173aa61ca45b8b3f87959ac283dd5",
                "sha256:13a620a3fcc20023f9e6ed5c383e00e826f1c2d5db554df2f67240760f9118e8",
                "sha256:13d22c0d57355366b393936acf6b98a5e0edeadddd3fccbc6a846c50a76b8741",
                "sha256:160fcf381f76c3aeac28a756bec44f48942a8f7245a87aa28e3a523b4d90cd87",
                "sha256:16148acd77ed1d8836a56db883af2f5eed720f9723088110b16a0d08582130a6",
                "sha256:170773d8a3cdc76259065523ddd978c44f9806e28605f08812e8f86783e44ac6",
                "sha256:18293f8a8d8b6a8e71ef37706b659e3846a4261232158167b1ddf35f6994f633",
                "sha256:18a4db52b5a7b53a3540b0b0f4123319334621ee8083d496de314d0bf06ff59a",
                "sha256:1a635e837b50a1819bebfedaac5916498ea024120969da8790500148fb0a894d",
                "sha256:1aeca87830c4fe649dcf93fe2b059525b71c72587f21be4ae4af7103082a79fa",
                "sha256:1b7c37339d7e75cab9a123a04248e243cefefb302ad6db566ea0c77cbcde421e",
                "sha256:1beb0f9909b26cee938df9ba56b15252a84429b1fc30ce6fca161390b9789a70",
                "sha256:20384c2bbcbf87180c8c61eb60869699c1ec0cd09b62cfd13804022d860b0867",
                "sha256:20428910dae17a1a93152a3ff2c0441d2f4932992c0797d65651dd0561f1792f",
                "sha256:207dfc3d47cf0e575e643bbc140dacc8863b39abaa1e5307cd64c7f2365b8a12",
                "sha256:209c3ccbfe35a04ac6d24f0611f9d1cbf8025d49991b14acd935236234d6c156",
                "sha256:2123e5aa075ac20d23c7af489255efd129cbfe190dbe88fd42598cc9df3199b6",
                "sha256:21402998e4b78e7cce237d2788841aaa21ac9a4d1574d04dc2d12ee41ae807b5",
                "sha256:2221e88679d1351e9a40aaee54bc65679b9795bbd0160bc3d5e36b163344eb75",
                "sha256:22eec57e26c418cde02c051ce9914a365e52a7f135a565c6f0480242aeebab48",
                "sha256:23c366231259cd75ad06495174701afb3fcb36a92917fa47de2d1f1bd9d95739",
                "sha256:25f4118c438f96bb466e83108506d03d5c31b1bd2387e83e5b070bda6ded9c37",
                "sha256:28a23fefdb345b2d4d0ff2860571b5ff9a89a28b6a120f720e8fb0324d346626",
                "sha256:290f66b97ede0e552e1cb44a0fd8a74f9753ee635b50830a0b122fb72788d015",
                "sha256:2b9b1325ca1c2a9a2dbb6eb913ae563313f2082ae60b03210f7e83ee80712274",
                "sha256:2bec13085dc8ef48a3fe62f7dfcacfeda2c785cdf19cc8eeda2bb9ed081da165",
                "sha256:2cae5d5c90a62d9139c512a0cb1aad1d182b022b5740daea2617eb5bf7fc658e",
                "sha256:2e01125896585139453cab8cb235893644d8815d7509520da95ae3ee8d1c1f79",
                "sha256:2e62c569ec7531b679b184cbfe335c501c1d13c4b363560013019962eb630e6d",
                "sha256:2f5b2a2b9811b853b39bfa41367c6d78747b8e3e80e07fc5a24aae295c1a4d7d",
                "sha256:302f72413251c03f671e063c9414bed5dc8c927069e5abb69245521e51a4e81b",
                "sha256:32a409be3190b088f960ac92bfedfbef2f86c49ff940765e1548177592d20026",
                "sha256:33cadd956b667997e4de1635fce9541f2e8ede2038fcde8cf55aa14d571d1bad",
                "sha256:379f8a75cf6eb7eef0af074b55f49ab73b868388a98de14646abcdfa4564bb11",
                "sha256:3847e71a78cbbc1aff955dbbbaf2fff12153f611d3162c5beaa3395636cbc2f9",
                "sha256:38fc4e4e4e084e0bd491949482527d406788045c546d4f8789e93fc527b91385",
                "sha256:3a27ac6c780c8b8a1cd231b58407634cafc1c4cc28cd6c7141362df0f36351e7",
                "sha256:3a48093cdb058a93af842ede9703520e810b05dcd0fc6d7190a06376c3bfb6bd",
                "sha256:3e42265103fb385d8642a78672edf376c6f7e1d3598a7a4f9cb1278f2f6b5f6f",
                "sha256:3e9a00d1c2c30936f7add097c41afc5da6556c580909104aafd382cac92a855c",
                "sha256:40983eabefd13da003e68170928c7acc011f0d095eefce5871a3c71c9385fb9a",
                "sha256:40bcbd9f94166ffe925811e730607385cec959f42fb1bb7dad83748680465221",
                "sha256:41096ec0740a58dad03d3ae0c7486d306d20becefb13ceb1649835ab3eb64167",
                "sha256:415e3a115c0d510e329020012834d1c0aa1c581ee53a218603e38abbc1dea70a",
                "sha256:41e2d428110b408e963b6fb18f9bbf1f5c027b56bd4b498d54556476c0aeb1c3",
                "sha256:424aa5657141d306ba9ad1baab4b2c0a0719040075ee6c66aee9bb2dea2b5054",
                "sha256:42632b4024ab24a6b488f559ac851312509888b6b80ae2aa11cf29a646a0d245",
                "sha256:45222d94ddd511536f3b2f7d9deae3b2339b4ce0f075f1ca25703b07cad9dd21",
                "sha256:4736e6c87e603146d8949d8501da621ad20c31015060d3fcf95ace2859f3e3e6",
                "sha256:48542c9acba9ff9450bd18d871d2c2c8787fdb283572b623d206f1b927cd7d9e",
                "sha256:49fbc2682a9306135b7ec49e93f97f9c26689b9b7f96ed2742d8d6497e994d13",
                "sha256:4a579dfb9c835f8ab47f4b8ed33440cbc75b806b73297208e6ec2a33e903740b",
                "sha256:4b061064b4a2fe8598a466d723d43dbcd5a610a5d5cfe02fb6226f5c17349f75",
                "sha256:4e11e885e0704be185867fcf71b904d8f65d7d6877bc121f69870b0d0479ba7b",
                "sha256:4f4db7c7e954d289d71878938348b3d91b904a3e8210a11939359fb758a58e7d",
                "sha256:527195c188d7d0af748cd48d220ab8cdc5cb99be3d49ac4d9be7324d8abf9bc0",
                "sha256:53258656846f5c48996b882fb4b135885e088a3ad3d96b4bc0530f95124d1f69",
                "sha256:545ccc14fb05485f48b4439ec35beb16d5b5280eb6c81c658bd4707a2a119414",
                "sha256:5609efdb0d3c95499c00046bc53648b3482ec2175b5503d6e611b3f0555dc71d",
                "sha256:5929d9df5e7e3379183be0e21f7d559618a5b61cb63280df6164019242e337ed",
                "sha256:5a143e6207579de8baeded4eaac9134413200359f1969d636f0bfb98ee8c3c8f",
                "sha256:5a721a98c649855963811b59b55755b30566e7f7fc40bdc9803d66dee9f811cf",
                "sha256:5cffe18571ccc51d742cd08cbb3f8b756de9311d18c7ea98f5d92f37b8fb60c2",
                "sha256:5d12669a2c419b0e8dc423d23dea24bb82f6f9cb829f32e04674b0ba40322a7c",
                "sha256:5d582042c69857c364e8153de6e18e0da9b7b515a6a8113caf69a6ec8e0520f2",
                "sha256:61116cec57ed69aebc70f37a545eec095339bb829efbdabcfb97c51e9536e158",
                "sha256:611a51e61c92f62345a50b0035df6fc0d678f9299f33728826d831598862f59d",
                "sha256:623c8799c17128753c65699f1c3aa32402657393a9ad6db09ed8b98ddf76611d",
                "sha256:6374e9e382e5a98c9c5e66d41b357b470da1c54bce30f17f9dc4bcc58436cc1c",
                "sha256:66299564c046bc7e0cc5de5106601eae907e9fa5904cd68a323380a8502f7861",
                "sha256:69cafd61aea04ebb3502c93c2aaa568b12931ca0802231e0b5de76bf8b6e74bd",
                "sha256:6a406d0b3cb207b0fa460ed4dc93e866f44f105da0169361cb18ff998a44c7f0",
                "sha256:6ba4fe5bfbef6811a8e49b3719cde373ad399006c0c1ac184b7297116ecbba5d",
                "sha256:6cd11e7550d89e551a87dcec30f04b1fca32e86b68708aa01a4daa455d8605e5",
                "sha256:6e1eb8a4cbffd5553680ad96be6680e364710656eced73d1dc90ec489df599a3",
                "sha256:6ea2f13dce778ca072ccee598bca46a092ce192e8fd907b6c1f0e52c800529a0",
                "sha256:71532ebf30be0048a45559b4fab15333fbaaf9042f658e878d918ecd0cf09805",
                "sha256:73fc05988ed20809450474ba760a87c8ad4e455fc09783c02195e56ec634b41a",
                "sha256:75cc6569e86be5785b6188ef1642670c6adbc984e81ec35e224842ecd9eefcc8",
                "sha256:773062aec2f2e56b2b22d37054123f0de8a22a4688a0c3376c3fe42685f975cf",
                "sha256:7ae4949f212a53b007dbc355884fda122545c5764a54256c9217e419a62a6559",
                "sha256:7b2bb7d703bed7ac893bf7f40d97b5d9279d35d2ce460624ca28929eab0d5a3d",
                "sha256:7d0f5976aa2701996f759b30172925829867547bb073af0ae67d1307a0f0262c",
                "sha256:7d5a748d12dd9b535e0a130f60dae9ddf0adafbabe61e7864f55c7436c84547a",
                "sha256:7dd624c1eaa629ad44b59a1a0145fdf2d67895592dce94c9358b938b3d075e65",
                "sha256:7f75b9b9fec2a9c6b18095c81865580e795b1441c429e42d22fcc82a77f40039",
                "sha256:83e3a51e7933db700a0da0db31849db3a24022d9970da9bb73001e1d0326fd92",
                "sha256:8499d464de86fab0f102313cce32a9bed9ab1f06ec813cf025cb790964fbb765",
                "sha256:869dfcd4d381cb0ea87085cc4f011b9171b494ef21e76ad8665f6d5e2d1dc8a1",
                "sha256:8753b8d51dbc86fd335ee31fcf7f3658e9f5c016d4edfb23f76ad295f4b8c9d0",
                "sha256:887c021d9a977cff89cb273047c1352997b772a8908a25c21836861f69b92be1",
                "sha256:88e719b9437f148f7e1465df845c758dd1598618cbea3a2fd1e61a715542f2b2",
                "sha256:8a330c0ee5fa318c7b5cbbaad882baeca3f570357e7eb25ab34bf31008150758",
                "sha256:8db38ff3fb7aee7d6a82ae4da2eef1178656fe1216841fbd24870062a9d60473",
                "sha256:8e49a646acfab83c68974f4aa1d0a2acca9e88d7d627ae0fc13201b14b76d310",
                "sha256:909f4e927bb051f7740d6367285fc60cdcfdaf0258c2dba4ff5ba7eadadc250c",
                "sha256:90f709b9accab6b2e4d14f5c8718203877a0486bcb3afd74d8b539ecd1e961d4",
                "sha256:92d96586376fb79a33474797186bf993250152ee5c32650b67db78d54b92e6f3",
                "sha256:93476b6514b373fc6ca67d26c442784f7807c86f00635bfe79f935c3eab2af17",
                "sha256:97acecb11cbc411473f15b8d780df06d7a9f3a2aad9aca78364f56640c8fb70e",
                "sha256:97ce49699d87ebf8aad631b55d65b33219a4f1bfefbbf5bff19dc9af160aeaf9",
                "sha256:9bde9ae026a55b9a192078dfa6e27dd0ca4a050171ab6272e92f97b757dfdf48",
                "sha256:9e67324961ac9bbe616cce5100514d2e34d88665aeb07071e8b16eac55d06d94",
                "sha256:9efe56a68179f3adc4de41861c9358931db03837c48dd5e1c78077b84dd07f3a",
                "sha256:a1932d7ce78a561367512c594fe66eac2b2ec9b9264cfd9b5f950622f4a116e2",
                "sha256:a1cec0f99b9b914d39176347a93b7610dc09324491aee1cbc57cd291a41a1d55",
                "sha256:a2e3f70673a1d5b82f38255f777d26cd855bf2092b1436c4867464a7892f9238",
                "sha256:a43b3bdf11e477dc7770609d3477316f974354dfc8425d596f64f471cc8daf6e",
                "sha256:a5c18810318303ce9afb3f95e2ddb54834f96fa699a8600433fd5a93dcf44c56",
                "sha256:a7eb78ba28b187e1e9203a55c60fcf70df2d22cb205fe6d51b9383d6097419f0",
                "sha256:aa633613ff907ea91b9b0489a1f0da1b8725d8c6ccec6b77e8a1c9c235044bb0",
                "sha256:aa9fd1ee2a5dacfc41039ed49ffeeacfa75bafbd255b69f3b578e11897a0e623",
                "sha256:ace1d2c83b2bd24db5940600541140e87a325e119cb32d5fa9ad720d7e76648e",
                "sha256:b1cc980905221a5d8b3c476330730b3adb40ff80add71ffbdb6215ba055656f1",
                "sha256:b37772102d44bb6628186accca3a121b1fa3a6b3d97518a8c29a5229ca4c0d0a",
                "sha256:b3ff39654f0ce6ebd4db154211136dbe7e8157bcc3bed2344c87f32c7c6ecb6c",
                "sha256:b477912f42c5c33405a10c759d22f80cf5af043ae02d95b9d8e5e5bc555739ed",
                "sha256:b49638355ea3bebba70da783ccbc630fd72afa16bc46c54474bfa1f9a915bbc6",
                "sha256:b4fc6b03b9d9d90557274f571ab30e7fbbfc527955536935d96f98b6817a86e4",
                "sha256:b50343241eb69fd85f7791cf8bcc7b1c4729826b7d59ba2f6b27db29638fa745",
                "sha256:bc8dd3d9c93e70c3df974a201ac2958b6d77b465d813c51d1f15fa8e645763ae",
                "sha256:be5346653c0b0e34be96869ff9dbeba23860156f89a2896a64c64fb419260cb6",
                "sha256:c00e26288784460885fe76e4d4b293573e0f791f52e6d60e27b42edf005922eb",
                "sha256:c1b50797ac246bb2942a04b6c0f69af0667aba7cf7535f39bbb1b3208fd5d128",
                "sha256:c34ca1dc41bd86d9ff830d5bdf4e4a752bba6c54f7d2707027ce0eabd36084c9",
                "sha256:c55e71a9b1db1f107efb60da49c093689b74c5c31a708e5379e2fd9439d4fbb5",
                "sha256:c581b1d68b3845fb86c6b2983e755b29bf001461c59fa411d2c26a911b6559a9",
                "sha256:c59e4265608da6a041f54646ecc0c9ecdbb19aaf14c4c684bb6c2114998cc415",
                "sha256:c5e7ce578aa8a80910a72a8ca0bbea3baae10100827249001999726a788456d8",
                "sha256:c66f858b82497173f73366795fc6ee8171620e75a338506d6b2e7bc16f5fca11",
                "sha256:c6c0c13128a32eb04a51357e56a094e13aa8e6d3d1884de2e9ae923f6915e1a8",
                "sha256:c9389b3784b56c58d933b5e0aecdf28f901b073ff385358d8a7d40907f6e14b2",
                "sha256:ca0ec532ad2f5ba1e5ec120ac157769c57f01855b3d8bf37213f5d88abd9ba0a",
                "sha256:cad7617727a96d189bd6f979d0fadf765198c7934e85f4edaba9bf3ad919a300",
                "sha256:cae82b5ca24b0c2beedb269f6e2a96f466acd926879ab00ae19f1a65cbf9ffb0",
                "sha256:cc669256d28736f7f3a149df5c380c50ace2692ba3e62203d10656fade4a2145",
                "sha256:ce1f220114959941170e22b8ad44279f6dee2dcef7591814d01ae805dc058889",
                "sha256:cfb398886a7eb4c719161c3efcff2a1248febc53a4d8e5072d2d8a87fed84ac9",
                "sha256:d077f21f4b16f0471353883748f126f62038760397c107bb9fad2ca94dc0dfb7",
                "sha256:d0c5c362bc94f1929dc7e96e715bbe7bd17037f802e6d8f0d1545df9133c0559",
                "sha256:d2765c18ce303149ee804b1f3dad11232726dd0a702d73a15cf19179ac8cc962",
                "sha256:d44442effeb8781f392340c5dc8c6716fba41dbeacb82fd4c0f09026fb5ff682",
                "sha256:d85dfab42dd672f87a7f76e9de7172962aee69fa12044f0d6e1a23cbd53fb80e",
                "sha256:d97c5227621af74b111882a290b10f371780a38eef9d9e730408fba2259b52fb",
                "sha256:d9a0d12846d6ce434fb3857918eef4315ec9b4769deb020c75828798614bfcfd",
                "sha256:d9b3e7d71bf6acff341233417abbdface29c647e3113892d9aaedc02eb4aa2bc",
                "sha256:da707f14ea3c35ee463d50acd596d6488e4b2b4ae7cf77a5bf93f55c023d63e8",
                "sha256:da85db328e507da922d586c3c7416ec360ec22e9cd9e0700691afacde0c81f53",
                "sha256:dc205732d593118cf701d986f40e9de7801bb2e371cb189ddbda9b7348f4d97e",
                "sha256:dc3a44689eea43eab836e5c98a8ab015dc2419987d1ea6eafc7c590cdff86bed",
                "sha256:dd5e90f34cffcfed97f36cf066325773d2b6021c60c29942e53a18b028501b1d",
                "sha256:ddcf547bea2aee967d6a77779376a45e77e610e8465147a1f3d7e20d539d6e32",
                "sha256:e477aca0bc0d19f3b4ae9e4f2a1cfd687c31bf772d78734910658186b40b2477",
                "sha256:e8b17e23df3e827a69d25af70990ca2420e92668aaffaeeb3cd2351d7916a023",
                "sha256:e99e09ab7741f1281e2677f4c0058c7f5267d182530b09c87e4f6aa26adf3887",
                "sha256:ea2c01cdb16dc12156e455007c406dfaaece0c89aa4ba0e3b47586779f951d41",
                "sha256:ea6b1e9105b4b24a34c722432d9fb578f9ed83af21fa1abda639011e0f22bbb6",
                "sha256:ebd054ad1737a68fb7c5c073d405cef2b88bb824e294de3b4a4e995b47f0e376",
                "sha256:ec295280f4b37769256da025acf5890370355ac589c27e89caae0b5e9eedc702",
                "sha256:f6449672f9c93316deb5e2839e18931f468670e44d5bd9b1301a5a9655d45c07",
                "sha256:f683dc6300317700025e41d89a43e0276692ded16113a3c43eab704d605c58e5",
                "sha256:f6b9d2aad499c769ee8287609ab0e6de99d8bcea99c6e6c2e64945259fd52fb2",
                "sha256:f8b9c8ceebae6387d0dc77f7f4dbbfbfc962dba2efbfe6877486075a480726b4",
                "sha256:fad67b12ffe0f71e02b4932b04883cbc76a9072bbd30731409d3523cf058b011",
                "sha256:fbfb70ba01355251faf6b293171df49f73a88a1b6494db109ffea85442574458",
                "sha256:fe91993149523aa59941b9e3c90e2eb45f57ad014697aef6c8b13339a59c019e",
                "sha256:febd35ef45f603c2d74b74655efdbf45e14f55fc0aef4ac82b663ca829b283e0",
                "sha256:ff88a92cafde90888511242d1c54afcc1a8adbb6dc0a88fa7f87e29e92400d4a"
            ],
            "index": "pypi",
            "markers": "python_version >= '3.8'",
            "version": "==6.1.3"
        },
        "psycopg2": {
            "hashes": [
                "sha256:09826a6b89714626a662275d03f21639f1c68d183e2dcc9ba134d463a3da753e",
                "sha256:1dedb1c7a1d8552c4a6044c6b1c41a52e6a8e2d144af83eccac758076b1b7c15",
                "sha256:2532c0cdc6ad18c9c35cd935cc3159712e14f05276a6d29a6435c52d24b840c1",
                "sha256:3d23e684927d37b95cee9a943f6927b04ae2fdcd056fd0e2a30929ee89fee5a9",
                "sha256:83d48e66e18c301d832e93c984a7bcbc0f4ac3bb79e2137e3bc335978c756dc0",
                "sha256:a73d5513bfe929c56555006c7a9cc7ae6e4276aa99dd2b1e2544eb8bb54f8b23",
                "sha256:d5fbe092315fb007c03544704e6d1e678a6c0378139d01cea433dc59edf041b4"
            ],
            "index": "pypi",
            "markers": "python_version >= '3.9'",
            "version": "==2.9.12"
        },
        "pycountry": {
            "hashes": [
                "sha256:b61b3faccea67f87d10c1f2b0fc0be714409e8fcdcc1315613174f6466c10221",
                "sha256:f1a4fb391cd7214f8eefd39556d740adcc233c778a27f8942c8dca351d6ce06f"
            ],
            "markers": "python_version >= '3.8'",
            "version": "==24.6.1"
        },
        "pycparser": {
            "hashes": [
                "sha256:78816d4f24add8f10a06d6f05b4d424ad9e96cfebf68a4ddc99c65c0720d00c2",
                "sha256:e5c6e8d3fbad53479cab09ac03729e0a9faf2bee3db8208a550daf5af81a5934"
            ],
            "markers": "python_version >= '3.8'",
            "version": "==2.23"
        },
        "six": {
            "hashes": [
                "sha256:4721f391ed90541fddacab5acf947aa0d3dc7d27b2e1e8eda2be8970586c3274",
                "sha256:ff70335d468e7eb6ec65b95b99d3a2836546063f63acc5171de367e834932a81"
            ],
            "markers": "python_version >= '2.7' and python_version not in '3.0, 3.1, 3.2'",
            "version": "==1.17.0"
        },
        "sqlalchemy": {
            "hashes": [
                "sha256:03cbf8d9a67da618bd65500a5eb3ddac89caf4c61e99b2f03fa4a1952a0725a9",
                "sha256:0e7a76d5dce712ce50435d0f97181eb955ec27d138c004176f01282e063bac52",
                "sha256:1019abef05a4b5eafc8eae6fb483167fa28a4dbe5f518d577b744f31a5276a37",
                "sha256:18a8b6417cbb7b735cf91c2b59453c2a554cefa0a8d7bd15aa35740739410d77",
                "sha256:1d887fbd5d248e250807bd801e697fc73e3b44866ce5f093dbc90512e75bde25",
                "sha256:24ae093dec196ba37fc2beb0316de53e7871d3d246a50faecbbb53034e41ded2",
                "sha256:264460333ed0b177cbb1956355d0ee4e0cab83fb415c934ce12a25db2e7be39c",
                "sha256:279bde5bfedb0f3e0f1bdbcffa2daa39c6c54d90f9408ef3b1802001597199f0",
                "sha256:2f61a70b3b82e2ec7ad6a4f2301422b9ca93ff06917983e41317bcae878bddf6",
                "sha256:31d5458672a6f72db2c087f4a5098b3c8503ea0254186ff29205d63afa9401a4",
                "sha256:32de6deded25e8b9b11d07428d496ff24dfbc882b8e990c177266948cb5f3d9e",
                "sha256:330d35f9ce815d35cb1daab038d4d7ec0e907f4d7ed0fc8bcb2411d1f23d0b50",
                "sha256:34e10af7d274a5c4b7cd0fced5e7361008c5e07d97dd48a93852d5b2f1142a1c",
                "sha256:3de32cc6721eb42c3aad35bcfb244bb7a18f66c00f3582aae6281d6287a339b5",
                "sha256:415239eb2ddbbc508ba4cac97affb91c0f210548fd1731edda6e529b0bb93015",
                "sha256:48611087a75d26d798003645c688c7d3cfc26b89dbe4a2c568d6b378d330deae",
                "sha256:4e55a0b96a1577a1e108c91ccdeeb9cd92768f28ce206597311c3bf6d6423abd",
                "sha256:4e8a4afcc7d714cc3c8a57facdff4c3529f5f93d71e54b7da1e03e022c9089c9",
                "sha256:5417322b3c025dd82918725d3bf09ec105fac95efc195722b8b06e1d9c381139",
                "sha256:5800ddea045c2c860ef1d359a07a3066c7c0c426f45e3abc3874e116cb3c6937",
                "sha256:63cae7210fea9899e0bf35c1f1ae55d3ddd9c6d47cae8b6b43d945afa79dd65b",
                "sha256:68d994e9b0d0423a02a20039631fa6fcbb7fa829a992f7605025774940305d19",
                "sha256:69cab115c40fd02c5a22c68e4ee630fa6ef9a1650f1de944419aab1f7096fc4f",
                "sha256:6b6d4e601c4f6d85e99bb3416107cc9418c5603ca73d4ee0f5f8d79c2a1ed9e8",
                "sha256:6f84099e4b04a5c2d44500a2a8302eee5af4bc6fee63e8c6e9cf6786e747280e",
                "sha256:7108f410f596c5ac22fe43ba467e864d27c4e1477ae89e90c6c87120b2c1be23",
                "sha256:744fb219a390561a57dbbd59cd69a22b5b5b2facfde794c1f79236dd847fa67a",
                "sha256:762cfe4d340c56368256d936a98b620a9a5650e49c1c84eba51d6edd17ffefb2",
                "sha256:7b973e4facc2f80e42f5a27b841feb7e202661881a6320580abbe597a28a007f",
                "sha256:7d03084f3352dd92048cb19c71d90f116d076c9c7937e0ebc7752c4685de6d38",
                "sha256:7e33a631ab1474f8fe6b910bd1a07b7b8009c4c78cdd3fb18001b03e3bc2e1d2",
                "sha256:842540e4382472f23c79589995752648d14696a8200d0807ed8c5c59c92ade44",
                "sha256:87ba8834318b0d8dc94fc6f405d071b5c08be32a6c3fd68107fd6952ee949615",
                "sha256:92622fbbda1b1fe1632f3402a6e516a93c0e41d9158839c6b3dfb12117f26b72",
                "sha256:a0956dc754d3884da7fe60097110ec7a8a105d26afa2f0844468f4b1598c6912",
                "sha256:abd6b21bc58e91c1932eb5d6d7f1bd44a551dfec7b6a7f517c3638ccd67233a0",
                "sha256:b374e3bc91e246a942592a98ba6a23be76fff21358b00546ac8c0ebc0fd0e00b",
                "sha256:b67749f7da3985a529cefbb1474783cb91ef44371cb9713630bade3de908760d",
                "sha256:b67c1744e453af833667fc1b84de07adb4a64f3536ef52a8ec5ac2b941d43970",
                "sha256:b6c419c83a87fd901f0b1b5338ffcb82471c3ac32a86bb8883688c18f8eb85d3",
                "sha256:b9086b8ad48280ef6a7ba68262d5e44f7db1c4cb1973e8cdae8a9f467ae66f51",
                "sha256:baa8521e8ee9f24e75dfc7aaabc08020e551ef0d48d7c3e3536f5cddf277586b",
                "sha256:c1a3455a88f66e4851792bedb098ed942912253d31caed1dbc58afbfa9e875cd",
                "sha256:ca05f4e7852cf48083b0cf157e4f9504b7068780422a50fa82f45353b8c5e14a",
                "sha256:cad78d04254967bdbcccbed5e631d88fe4868530946ab0929aa45e9032849518",
                "sha256:cf89e92bf0d4204a6afcc17af27b9271ed9c7e34e17d6f80c085d431ea4a1747",
                "sha256:d31a2bc06a854ee52dd86b455be4df7c750b28817e2d1b884e31fff126c4fd7b",
                "sha256:d566099d60cded87d175d4171dc899b9613d2e3b663573364565ca1b27ccd241",
                "sha256:d65f8ca742ef1e1e14bc417ef59dc2ddf207a7b66b30cfdc6152447314e030cf",
                "sha256:d6adf80277372a89910a0f3ccfe960b846d279dc55b366dd5c5ec07f41c84758",
                "sha256:deeab253fe01a770f634c7007c73702df2324c868a79ae756507a9a1a76294fe",
                "sha256:e08397c6c42f53b2488acde9108b8bfefd52d7afd1bf2f03d2ffcab7a204aceb",
                "sha256:e1f455db400289f77ba2f7b62fffafe8875153812d0e3777aa4ff2b34a0fc1f7",
                "sha256:f3ea33bcf0aa599c1511fe5c9fb126f45aa450419084c4823f786155fe4c79f1",
                "sha256:f4e8f955d13af83fb4e35c3472e5377ee22d3445eada1e5e48199588edb69835",
                "sha256:f5c09090b1a7c4d389d1431f820931e8df318f82caafc53f9a72c872fef467c5",
                "sha256:f8cc6532f930c27974e9239e5ce5abebe7600ba9807cea4fcf42f1b6cab18fe7",
                "sha256:ffba7eb2d67c7505e82a0902aa854d8824b74c28a183820d6a8bd3cfd0f812c2"
            ],
            "markers": "python_version >= '3.7'",
            "version": "==2.0.54"
        },
        "typing-extensions": {
            "hashes": [
                "sha256:481caa481374e813c1b176ada14e97f1f67a4539ce9cfeb3f350d78d6370c2e8",
                "sha256:dc983d19a509c94dba722ee6abd33940f7c05a89e243c47e907eb4db6f1a43e5"
            ],
            "markers": "python_version >= '3.9'",
            "version": "==4.16.0"
        }
    },
    "develop": {}
}
